
Microsoft Visual Studio Solution File, Format Version 12.00
# Visual Studio Version 16
VisualStudioVersion = 16.0.33801.447
MinimumVisualStudioVersion = 10.0.40219.1
Project("{888888A0-9F3D-457C-B088-3A5042F75D52}") = "PyTorch NN", "PyTorch NN.pyproj", "{19D22904-F17D-416C-8493-B396EF4B95DF}"
EndProject
Global
	GlobalSection(SolutionConfigurationPlatforms) = preSolution
		Debug|Any CPU = Debug|Any CPU
		Release|Any CPU = Release|Any CPU
	EndGlobalSection
	GlobalSection(ProjectConfigurationPlatforms) = postSolution
		{19D22904-F17D-416C-8493-B396EF4B95DF}.Debug|Any CPU.ActiveCfg = Debug|Any CPU
		{19D22904-F17D-416C-8493-B396EF4B95DF}.Release|Any CPU.ActiveCfg = Release|Any CPU
	EndGlobalSection
	GlobalSection(SolutionProperties) = preSolution
		HideSolutionNode = FALSE
	EndGlobalSection
	GlobalSection(ExtensibilityGlobals) = postSolution
		SolutionGuid = {374A89A5-9BF8-48CC-BBE1-9FA5DE6A69AB}
	EndGlobalSection
EndGlobal
